
Microsoft Visual Studio Solution File, Format Version 12.00
# Visual Studio Version 17
VisualStudioVersion = 17.3.32929.385
MinimumVisualStudioVersion = 10.0.40219.1
Project("{FAE04EC0-301F-11D3-BF4B-00C04F79EFBC}") = "SimplePlatformGame", "SimplePlatformGame\SimplePlatformGame.csproj", "{BC3D3365-B33A-4974-A6D0-FB6CAA70DEDA}"
EndProject
Global
	GlobalSection(SolutionConfigurationPlatforms) = preSolution
		Debug|Any CPU = Debug|Any CPU
		Release|Any CPU = Release|Any CPU
	EndGlobalSection
	GlobalSection(ProjectConfigurationPlatforms) = postSolution
		{BC3D3365-B33A-4974-A6D0-FB6CAA70DEDA}.Debug|Any CPU.ActiveCfg = Debug|Any CPU
		{BC3D3365-B33A-4974-A6D0-FB6CAA70DEDA}.Debug|Any CPU.Build.0 = Debug|Any CPU
		{BC3D3365-B33A-4974-A6D0-FB6CAA70DEDA}.Release|Any CPU.ActiveCfg = Release|Any CPU
		{BC3D3365-B33A-4974-A6D0-FB6CAA70DEDA}.Release|Any CPU.Build.0 = Release|Any CPU
	EndGlobalSection
	GlobalSection(SolutionProperties) = preSolution
		HideSolutionNode = FALSE
	EndGlobalSection
	GlobalSection(ExtensibilityGlobals) = postSolution
		SolutionGuid = {E488BA4E-E97A-43D0-93FD-74F3BB0B59BE}
	EndGlobalSection
EndGlobal
